// !$*UTF8*$!
{
	archiveVersion = 1;
	classes = {
	};
	objectVersion = 46;
	objects = {

/* Begin PBXBuildFile section */
		1C3F64F81F452DE00052E821 /* AppDelegate.swift in Sources */ = {isa = PBXBuildFile; fileRef = 1C3F64F71F452DE00052E821 /* AppDelegate.swift */; };
		1C3F64FA1F452DE00052E821 /* ViewController.swift in Sources */ = {isa = PBXBuildFile; fileRef = 1C3F64F91F452DE00052E821 /* ViewController.swift */; };
		1C3F64FD1F452DE00052E821 /* Main.storyboard in Resources */ = {isa = PBXBuildFile; fileRef = 1C3F64FB1F452DE00052E821 /* Main.storyboard */; };
		1C3F64FF1F452DE00052E821 /* Assets.xcassets in Resources */ = {isa = PBXBuildFile; fileRef = 1C3F64FE1F452DE00052E821 /* Assets.xcassets */; };
		1C3F65021F452DE00052E821 /* LaunchScreen.storyboard in Resources */ = {isa = PBXBuildFile; fileRef = 1C3F65001F452DE00052E821 /* LaunchScreen.storyboard */; };
		1C3F650D1F452DE00052E821 /* JLSwiftProjectTests.swift in Sources */ = {isa = PBXBuildFile; fileRef = 1C3F650C1F452DE00052E821 /* JLSwiftProjectTests.swift */; };
		1C3F65181F452DE00052E821 /* JLSwiftProjectUITests.swift in Sources */ = {isa = PBXBuildFile; fileRef = 1C3F65171F452DE00052E821 /* JLSwiftProjectUITests.swift */; };
		1CBCDBD120561E4E00C0B1CD /* MainVC.swift in Sources */ = {isa = PBXBuildFile; fileRef = 1CBCDBD020561E4E00C0B1CD /* MainVC.swift */; };
		1CF483F71FBD1EF300B0C405 /* SecondController.swift in Sources */ = {isa = PBXBuildFile; fileRef = 1CF483F51FBD1EF300B0C405 /* SecondController.swift */; };
		346432276CF07250513D5D15 /* Pods_JLSwiftProject.framework in Frameworks */ = {isa = PBXBuildFile; fileRef = 959B8541B0C03D724CEF2D18 /* Pods_JLSwiftProject.framework */; };
/* End PBXBuildFile section */

/* Begin PBXContainerItemProxy section */
		1C3F65091F452DE00052E821 /* PBXContainerItemProxy */ = {
			isa = PBXContainerItemProxy;
			containerPortal = 1C3F64EC1F452DE00052E821 /* Project object */;
			proxyType = 1;
			remoteGlobalIDString = 1C3F64F31F452DE00052E821;
			remoteInfo = JLSwiftProject;
		};
		1C3F65141F452DE00052E821 /* PBXContainerItemProxy */ = {
			isa = PBXContainerItemProxy;
			containerPortal = 1C3F64EC1F452DE00052E821 /* Project object */;
			proxyType = 1;
			remoteGlobalIDString = 1C3F64F31F452DE00052E821;
			remoteInfo = JLSwiftProject;
		};
/* End PBXContainerItemProxy section */

/* Begin PBXCopyFilesBuildPhase section */
		1C32C9091FC3086C00ECB650 /* Embed Frameworks */ = {
			isa = PBXCopyFilesBuildPhase;
			buildActionMask = 2147483647;
			dstPath = "";
			dstSubfolderSpec = 10;
			files = (
			);
			name = "Embed Frameworks";
			runOnlyForDeploymentPostprocessing = 0;
		};
/* End PBXCopyFilesBuildPhase section */

/* Begin PBXFileReference section */
		12001E2C2DC29D8A98F201A1 /* Pods-JLSwiftProject.debug.xcconfig */ = {isa = PBXFileReference; includeInIndex = 1; lastKnownFileType = text.xcconfig; name = "Pods-JLSwiftProject.debug.xcconfig"; path = "Pods/Target Support Files/Pods-JLSwiftProject/Pods-JLSwiftProject.debug.xcconfig"; sourceTree = "<group>"; };
		1C3F64F41F452DE00052E821 /* JLSwiftProject.app */ = {isa = PBXFileReference; explicitFileType = wrapper.application; includeInIndex = 0; path = JLSwiftProject.app; sourceTree = BUILT_PRODUCTS_DIR; };
		1C3F64F71F452DE00052E821 /* AppDelegate.swift */ = {isa = PBXFileReference; lastKnownFileType = sourcecode.swift; path = AppDelegate.swift; sourceTree = "<group>"; };
		1C3F64F91F452DE00052E821 /* ViewController.swift */ = {isa = PBXFileReference; lastKnownFileType = sourcecode.swift; path = ViewController.swift; sourceTree = "<group>"; };
		1C3F64FC1F452DE00052E821 /* Base */ = {isa = PBXFileReference; lastKnownFileType = file.storyboard; name = Base; path = Base.lproj/Main.storyboard; sourceTree = "<group>"; };
		1C3F64FE1F452DE00052E821 /* Assets.xcassets */ = {isa = PBXFileReference; lastKnownFileType = folder.assetcatalog; path = Assets.xcassets; sourceTree = "<group>"; };
		1C3F65011F452DE00052E821 /* Base */ = {isa = PBXFileReference; lastKnownFileType = file.storyboard; name = Base; path = Base.lproj/LaunchScreen.storyboard; sourceTree = "<group>"; };
		1C3F65031F452DE00052E821 /* Info.plist */ = {isa = PBXFileReference; lastKnownFileType = text.plist.xml; path = Info.plist; sourceTree = "<group>"; };
		1C3F65081F452DE00052E821 /* JLSwiftProjectTests.xctest */ = {isa = PBXFileReference; explicitFileType = wrapper.cfbundle; includeInIndex = 0; path = JLSwiftProjectTests.xctest; sourceTree = BUILT_PRODUCTS_DIR; };
		1C3F650C1F452DE00052E821 /* JLSwiftProjectTests.swift */ = {isa = PBXFileReference; lastKnownFileType = sourcecode.swift; path = JLSwiftProjectTests.swift; sourceTree = "<group>"; };
		1C3F650E1F452DE00052E821 /* Info.plist */ = {isa = PBXFileReference; lastKnownFileType = text.plist.xml; path = Info.plist; sourceTree = "<group>"; };
		1C3F65131F452DE00052E821 /* JLSwiftProjectUITests.xctest */ = {isa = PBXFileReference; explicitFileType = wrapper.cfbundle; includeInIndex = 0; path = JLSwiftProjectUITests.xctest; sourceTree = BUILT_PRODUCTS_DIR; };
		1C3F65171F452DE00052E821 /* JLSwiftProjectUITests.swift */ = {isa = PBXFileReference; lastKnownFileType = sourcecode.swift; path = JLSwiftProjectUITests.swift; sourceTree = "<group>"; };
		1C3F65191F452DE00052E821 /* Info.plist */ = {isa = PBXFileReference; lastKnownFileType = text.plist.xml; path = Info.plist; sourceTree = "<group>"; };
		1CBCDBD020561E4E00C0B1CD /* MainVC.swift */ = {isa = PBXFileReference; lastKnownFileType = sourcecode.swift; path = MainVC.swift; sourceTree = "<group>"; };
		1CF483F51FBD1EF300B0C405 /* SecondController.swift */ = {isa = PBXFileReference; lastKnownFileType = sourcecode.swift; path = SecondController.swift; sourceTree = "<group>"; };
		656ED1AC25BF52B819560B34 /* Pods-JLSwiftProject.release.xcconfig */ = {isa = PBXFileReference; includeInIndex = 1; lastKnownFileType = text.xcconfig; name = "Pods-JLSwiftProject.release.xcconfig"; path = "Pods/Target Support Files/Pods-JLSwiftProject/Pods-JLSwiftProject.release.xcconfig"; sourceTree = "<group>"; };
		959B8541B0C03D724CEF2D18 /* Pods_JLSwiftProject.framework */ = {isa = PBXFileReference; explicitFileType = wrapper.framework; includeInIndex = 0; path = Pods_JLSwiftProject.framework; sourceTree = BUILT_PRODUCTS_DIR; };
/* End PBXFileReference section */

/* Begin PBXFrameworksBuildPhase section */
		1C3F64F11F452DE00052E821 /* Frameworks */ = {
			isa = PBXFrameworksBuildPhase;
			buildActionMask = 2147483647;
			files = (
				346432276CF07250513D5D15 /* Pods_JLSwiftProject.framework in Frameworks */,
			);
			runOnlyForDeploymentPostprocessing = 0;
		};
		1C3F65051F452DE00052E821 /* Frameworks */ = {
			isa = PBXFrameworksBuildPhase;
			buildActionMask = 2147483647;
			files = (
			);
			runOnlyForDeploymentPostprocessing = 0;
		};
		1C3F65101F452DE00052E821 /* Frameworks */ = {
			isa = PBXFrameworksBuildPhase;
			buildActionMask = 2147483647;
			files = (
			);
			runOnlyForDeploymentPostprocessing = 0;
		};
/* End PBXFrameworksBuildPhase section */

/* Begin PBXGroup section */
		1C32C8FE1FC307CA00ECB650 /* Frameworks */ = {
			isa = PBXGroup;
			children = (
				959B8541B0C03D724CEF2D18 /* Pods_JLSwiftProject.framework */,
			);
			name = Frameworks;
			sourceTree = "<group>";
		};
		1C3F64EB1F452DE00052E821 = {
			isa = PBXGroup;
			children = (
				1C3F64F61F452DE00052E821 /* JLSwiftProject */,
				1C3F650B1F452DE00052E821 /* JLSwiftProjectTests */,
				1C3F65161F452DE00052E821 /* JLSwiftProjectUITests */,
				1C3F64F51F452DE00052E821 /* Products */,
				1C32C8FE1FC307CA00ECB650 /* Frameworks */,
				424D10FB31D9EED2C9A7E0F0 /* Pods */,
			);
			sourceTree = "<group>";
		};
		1C3F64F51F452DE00052E821 /* Products */ = {
			isa = PBXGroup;
			children = (
				1C3F64F41F452DE00052E821 /* JLSwiftProject.app */,
				1C3F65081F452DE00052E821 /* JLSwiftProjectTests.xctest */,
				1C3F65131F452DE00052E821 /* JLSwiftProjectUITests.xctest */,
			);
			name = Products;
			sourceTree = "<group>";
		};
		1C3F64F61F452DE00052E821 /* JLSwiftProject */ = {
			isa = PBXGroup;
			children = (
				1C3F64F71F452DE00052E821 /* AppDelegate.swift */,
				1CBCDBD020561E4E00C0B1CD /* MainVC.swift */,
				1C3F64F91F452DE00052E821 /* ViewController.swift */,
				1CF483F41FBD1EE300B0C405 /* SecondController */,
				1C3F64FB1F452DE00052E821 /* Main.storyboard */,
				1C3F64FE1F452DE00052E821 /* Assets.xcassets */,
				1C3F65001F452DE00052E821 /* LaunchScreen.storyboard */,
				1C3F65031F452DE00052E821 /* Info.plist */,
			);
			path = JLSwiftProject;
			sourceTree = "<group>";
		};
		1C3F650B1F452DE00052E821 /* JLSwiftProjectTests */ = {
			isa = PBXGroup;
			children = (
				1C3F650C1F452DE00052E821 /* JLSwiftProjectTests.swift */,
				1C3F650E1F452DE00052E821 /* Info.plist */,
			);
			path = JLSwiftProjectTests;
			sourceTree = "<group>";
		};
		1C3F65161F452DE00052E821 /* JLSwiftProjectUITests */ = {
			isa = PBXGroup;
			children = (
				1C3F65171F452DE00052E821 /* JLSwiftProjectUITests.swift */,
				1C3F65191F452DE00052E821 /* Info.plist */,
			);
			path = JLSwiftProjectUITests;
			sourceTree = "<group>";
		};
		1CF483F41FBD1EE300B0C405 /* SecondController */ = {
			isa = PBXGroup;
			children = (
				1CF483F51FBD1EF300B0C405 /* SecondController.swift */,
			);
			path = SecondController;
			sourceTree = "<group>";
		};
		424D10FB31D9EED2C9A7E0F0 /* Pods */ = {
			isa = PBXGroup;
			children = (
				12001E2C2DC29D8A98F201A1 /* Pods-JLSwiftProject.debug.xcconfig */,
				656ED1AC25BF52B819560B34 /* Pods-JLSwiftProject.release.xcconfig */,
			);
			name = Pods;
			sourceTree = "<group>";
		};
/* End PBXGroup section */

/* Begin PBXNativeTarget section */
		1C3F64F31F452DE00052E821 /* JLSwiftProject */ = {
			isa = PBXNativeTarget;
			buildConfigurationList = 1C3F651C1F452DE00052E821 /* Build configuration list for PBXNativeTarget "JLSwiftProject" */;
			buildPhases = (
				7C245C36B851B8CD6BD689B2 /* [CP] Check Pods Manifest.lock */,
				1C3F64F01F452DE00052E821 /* Sources */,
				1C3F64F11F452DE00052E821 /* Frameworks */,
				1C3F64F21F452DE00052E821 /* Resources */,
				1C32C9091FC3086C00ECB650 /* Embed Frameworks */,
				11D0425F0423108FB0EE639A /* [CP] Embed Pods Frameworks */,
				23959FE1C84CAE56F8BD3930 /* [CP] Copy Pods Resources */,
			);
			buildRules = (
			);
			dependencies = (
			);
			name = JLSwiftProject;
			productName = JLSwiftProject;
			productReference = 1C3F64F41F452DE00052E821 /* JLSwiftProject.app */;
			productType = "com.apple.product-type.application";
		};
		1C3F65071F452DE00052E821 /* JLSwiftProjectTests */ = {
			isa = PBXNativeTarget;
			buildConfigurationList = 1C3F651F1F452DE00052E821 /* Build configuration list for PBXNativeTarget "JLSwiftProjectTests" */;
			buildPhases = (
				1C3F65041F452DE00052E821 /* Sources */,
				1C3F65051F452DE00052E821 /* Frameworks */,
				1C3F65061F452DE00052E821 /* Resources */,
			);
			buildRules = (
			);
			dependencies = (
				1C3F650A1F452DE00052E821 /* PBXTargetDependency */,
			);
			name = JLSwiftProjectTests;
			productName = JLSwiftProjectTests;
			productReference = 1C3F65081F452DE00052E821 /* JLSwiftProjectTests.xctest */;
			productType = "com.apple.product-type.bundle.unit-test";
		};
		1C3F65121F452DE00052E821 /* JLSwiftProjectUITests */ = {
			isa = PBXNativeTarget;
			buildConfigurationList = 1C3F65221F452DE00052E821 /* Build configuration list for PBXNativeTarget "JLSwiftProjectUITests" */;
			buildPhases = (
				1C3F650F1F452DE00052E821 /* Sources */,
				1C3F65101F452DE00052E821 /* Frameworks */,
				1C3F65111F452DE00052E821 /* Resources */,
			);
			buildRules = (
			);
			dependencies = (
				1C3F65151F452DE00052E821 /* PBXTargetDependency */,
			);
			name = JLSwiftProjectUITests;
			productName = JLSwiftProjectUITests;
			productReference = 1C3F65131F452DE00052E821 /* JLSwiftProjectUITests.xctest */;
			productType = "com.apple.product-type.bundle.ui-testing";
		};
/* End PBXNativeTarget section */

/* Begin PBXProject section */
		1C3F64EC1F452DE00052E821 /* Project object */ = {
			isa = PBXProject;
			attributes = {
				LastSwiftUpdateCheck = 0830;
				LastUpgradeCheck = 0830;
				ORGANIZATIONNAME = www.ucsdigital.com;
				TargetAttributes = {
					1C3F64F31F452DE00052E821 = {
						CreatedOnToolsVersion = 8.3.1;
						DevelopmentTeam = YR5W2N3P98;
						ProvisioningStyle = Automatic;
					};
					1C3F65071F452DE00052E821 = {
						CreatedOnToolsVersion = 8.3.1;
						DevelopmentTeam = YR5W2N3P98;
						ProvisioningStyle = Automatic;
						TestTargetID = 1C3F64F31F452DE00052E821;
					};
					1C3F65121F452DE00052E821 = {
						CreatedOnToolsVersion = 8.3.1;
						DevelopmentTeam = YR5W2N3P98;
						ProvisioningStyle = Automatic;
						TestTargetID = 1C3F64F31F452DE00052E821;
					};
				};
			};
			buildConfigurationList = 1C3F64EF1F452DE00052E821 /* Build configuration list for PBXProject "JLSwiftProject" */;
			compatibilityVersion = "Xcode 3.2";
			developmentRegion = English;
			hasScannedForEncodings = 0;
			knownRegions = (
				en,
				Base,
			);
			mainGroup = 1C3F64EB1F452DE00052E821;
			productRefGroup = 1C3F64F51F452DE00052E821 /* Products */;
			projectDirPath = "";
			projectRoot = "";
			targets = (
				1C3F64F31F452DE00052E821 /* JLSwiftProject */,
				1C3F65071F452DE00052E821 /* JLSwiftProjectTests */,
				1C3F65121F452DE00052E821 /* JLSwiftProjectUITests */,
			);
		};
/* End PBXProject section */

/* Begin PBXResourcesBuildPhase section */
		1C3F64F21F452DE00052E821 /* Resources */ = {
			isa = PBXResourcesBuildPhase;
			buildActionMask = 2147483647;
			files = (
				1C3F65021F452DE00052E821 /* LaunchScreen.storyboard in Resources */,
				1C3F64FF1F452DE00052E821 /* Assets.xcassets in Resources */,
				1C3F64FD1F452DE00052E821 /* Main.storyboard in Resources */,
			);
			runOnlyForDeploymentPostprocessing = 0;
		};
		1C3F65061F452DE00052E821 /* Resources */ = {
			isa = PBXResourcesBuildPhase;
			buildActionMask = 2147483647;
			files = (
			);
			runOnlyForDeploymentPostprocessing = 0;
		};
		1C3F65111F452DE00052E821 /* Resources */ = {
			isa = PBXResourcesBuildPhase;
			buildActionMask = 2147483647;
			files = (
			);
			runOnlyForDeploymentPostprocessing = 0;
		};
/* End PBXResourcesBuildPhase section */

/* Begin PBXShellScriptBuildPhase section */
		11D0425F0423108FB0EE639A /* [CP] Embed Pods Frameworks */ = {
			isa = PBXShellScriptBuildPhase;
			buildActionMask = 2147483647;
			files = (
			);
			inputPaths = (
			);
			name = "[CP] Embed Pods Frameworks";
			outputPaths = (
			);
			runOnlyForDeploymentPostprocessing = 0;
			shellPath = /bin/sh;
			shellScript = "\"${SRCROOT}/Pods/Target Support Files/Pods-JLSwiftProject/Pods-JLSwiftProject-frameworks.sh\"\n";
			showEnvVarsInLog = 0;
		};
		23959FE1C84CAE56F8BD3930 /* [CP] Copy Pods Resources */ = {
			isa = PBXShellScriptBuildPhase;
			buildActionMask = 2147483647;
			files = (
			);
			inputPaths = (
			);
			name = "[CP] Copy Pods Resources";
			outputPaths = (
			);
			runOnlyForDeploymentPostprocessing = 0;
			shellPath = /bin/sh;
			shellScript = "\"${SRCROOT}/Pods/Target Support Files/Pods-JLSwiftProject/Pods-JLSwiftProject-resources.sh\"\n";
			showEnvVarsInLog = 0;
		};
		7C245C36B851B8CD6BD689B2 /* [CP] Check Pods Manifest.lock */ = {
			isa = PBXShellScriptBuildPhase;
			buildActionMask = 2147483647;
			files = (
			);
			inputPaths = (
			);
			name = "[CP] Check Pods Manifest.lock";
			outputPaths = (
			);
			runOnlyForDeploymentPostprocessing = 0;
			shellPath = /bin/sh;
			shellScript = "diff \"${PODS_PODFILE_DIR_PATH}/Podfile.lock\" \"${PODS_ROOT}/Manifest.lock\" > /dev/null\nif [ $? != 0 ] ; then\n    # print error to STDERR\n    echo \"error: The sandbox is not in sync with the Podfile.lock. Run 'pod install' or update your CocoaPods installation.\" >&2\n    exit 1\nfi\n";
			showEnvVarsInLog = 0;
		};
/* End PBXShellScriptBuildPhase section */

/* Begin PBXSourcesBuildPhase section */
		1C3F64F01F452DE00052E821 /* Sources */ = {
			isa = PBXSourcesBuildPhase;
			buildActionMask = 2147483647;
			files = (
				1CF483F71FBD1EF300B0C405 /* SecondController.swift in Sources */,
				1CBCDBD120561E4E00C0B1CD /* MainVC.swift in Sources */,
				1C3F64FA1F452DE00052E821 /* ViewController.swift in Sources */,
				1C3F64F81F452DE00052E821 /* AppDelegate.swift in Sources */,
			);
			runOnlyForDeploymentPostprocessing = 0;
		};
		1C3F65041F452DE00052E821 /* Sources */ = {
			isa = PBXSourcesBuildPhase;
			buildActionMask = 2147483647;
			files = (
				1C3F650D1F452DE00052E821 /* JLSwiftProjectTests.swift in Sources */,
			);
			runOnlyForDeploymentPostprocessing = 0;
		};
		1C3F650F1F452DE00052E821 /* Sources */ = {
			isa = PBXSourcesBuildPhase;
			buildActionMask = 2147483647;
			files = (
				1C3F65181F452DE00052E821 /* JLSwiftProjectUITests.swift in Sources */,
			);
			runOnlyForDeploymentPostprocessing = 0;
		};
/* End PBXSourcesBuildPhase section */

/* Begin PBXTargetDependency section */
		1C3F650A1F452DE00052E821 /* PBXTargetDependency */ = {
			isa = PBXTargetDependency;
			target = 1C3F64F31F452DE00052E821 /* JLSwiftProject */;
			targetProxy = 1C3F65091F452DE00052E821 /* PBXContainerItemProxy */;
		};
		1C3F65151F452DE00052E821 /* PBXTargetDependency */ = {
			isa = PBXTargetDependency;
			target = 1C3F64F31F452DE00052E821 /* JLSwiftProject */;
			targetProxy = 1C3F65141F452DE00052E821 /* PBXContainerItemProxy */;
		};
/* End PBXTargetDependency section */

/* Begin PBXVariantGroup section */
		1C3F64FB1F452DE00052E821 /* Main.storyboard */ = {
			isa = PBXVariantGroup;
			children = (
				1C3F64FC1F452DE00052E821 /* Base */,
			);
			name = Main.storyboard;
			sourceTree = "<group>";
		};
		1C3F65001F452DE00052E821 /* LaunchScreen.storyboard */ = {
			isa = PBXVariantGroup;
			children = (
				1C3F65011F452DE00052E821 /* Base */,
			);
			name = LaunchScreen.storyboard;
			sourceTree = "<group>";
		};
/* End PBXVariantGroup section */

/* Begin XCBuildConfiguration section */
		1C3F651A1F452DE00052E821 /* Debug */ = {
			isa = XCBuildConfiguration;
			buildSettings = {
				ALWAYS_SEARCH_USER_PATHS = NO;
				CLANG_ANALYZER_NONNULL = YES;
				CLANG_ANALYZER_NUMBER_OBJECT_CONVERSION = YES_AGGRESSIVE;
				CLANG_CXX_LANGUAGE_STANDARD = "gnu++0x";
				CLANG_CXX_LIBRARY = "libc++";
				CLANG_ENABLE_MODULES = YES;
				CLANG_ENABLE_OBJC_ARC = YES;
				CLANG_WARN_BOOL_CONVERSION = YES;
				CLANG_WARN_CONSTANT_CONVERSION = YES;
				CLANG_WARN_DIRECT_OBJC_ISA_USAGE = YES_ERROR;
				CLANG_WARN_DOCUMENTATION_COMMENTS = YES;
				CLANG_WARN_EMPTY_BODY = YES;
				CLANG_WARN_ENUM_CONVERSION = YES;
				CLANG_WARN_INFINITE_RECURSION = YES;
				CLANG_WARN_INT_CONVERSION = YES;
				CLANG_WARN_OBJC_ROOT_CLASS = YES_ERROR;
				CLANG_WARN_SUSPICIOUS_MOVE = YES;
				CLANG_WARN_UNREACHABLE_CODE = YES;
				CLANG_WARN__DUPLICATE_METHOD_MATCH = YES;
				"CODE_SIGN_IDENTITY[sdk=iphoneos*]" = "iPhone Developer";
				COPY_PHASE_STRIP = NO;
				DEBUG_INFORMATION_FORMAT = dwarf;
				ENABLE_STRICT_OBJC_MSGSEND = YES;
				ENABLE_TESTABILITY = YES;
				GCC_C_LANGUAGE_STANDARD = gnu99;
				GCC_DYNAMIC_NO_PIC = NO;
				GCC_NO_COMMON_BLOCKS = YES;
				GCC_OPTIMIZATION_LEVEL = 0;
				GCC_PREPROCESSOR_DEFINITIONS = (
					"DEBUG=1",
					"$(inherited)",
				);
				GCC_WARN_64_TO_32_BIT_CONVERSION = YES;
				GCC_WARN_ABOUT_RETURN_TYPE = YES_ERROR;
				GCC_WARN_UNDECLARED_SELECTOR = YES;
				GCC_WARN_UNINITIALIZED_AUTOS = YES_AGGRESSIVE;
				GCC_WARN_UNUSED_FUNCTION = YES;
				GCC_WARN_UNUSED_VARIABLE = YES;
				IPHONEOS_DEPLOYMENT_TARGET = 10.3;
				MTL_ENABLE_DEBUG_INFO = YES;
				ONLY_ACTIVE_ARCH = YES;
				SDKROOT = iphoneos;
				SWIFT_ACTIVE_COMPILATION_CONDITIONS = DEBUG;
				SWIFT_OPTIMIZATION_LEVEL = "-Onone";
			};
			name = Debug;
		};
		1C3F651B1F452DE00052E821 /* Release */ = {
			isa = XCBuildConfiguration;
			buildSettings = {
				ALWAYS_SEARCH_USER_PATHS = NO;
				CLANG_ANALYZER_NONNULL = YES;
				CLANG_ANALYZER_NUMBER_OBJECT_CONVERSION = YES_AGGRESSIVE;
				CLANG_CXX_LANGUAGE_STANDARD = "gnu++0x";
				CLANG_CXX_LIBRARY = "libc++";
				CLANG_ENABLE_MODULES = YES;
				CLANG_ENABLE_OBJC_ARC = YES;
				CLANG_WARN_BOOL_CONVERSION = YES;
				CLANG_WARN_CONSTANT_CONVERSION = YES;
				CLANG_WARN_DIRECT_OBJC_ISA_USAGE = YES_ERROR;
				CLANG_WARN_DOCUMENTATION_COMMENTS = YES;
				CLANG_WARN_EMPTY_BODY = YES;
				CLANG_WARN_ENUM_CONVERSION = YES;
				CLANG_WARN_INFINITE_RECURSION = YES;
				CLANG_WARN_INT_CONVERSION = YES;
				CLANG_WARN_OBJC_ROOT_CLASS = YES_ERROR;
				CLANG_WARN_SUSPICIOUS_MOVE = YES;
				CLANG_WARN_UNREACHABLE_CODE = YES;
				CLANG_WARN__DUPLICATE_METHOD_MATCH = YES;
				"CODE_SIGN_IDENTITY[sdk=iphoneos*]" = "iPhone Developer";
				COPY_PHASE_STRIP = NO;
				DEBUG_INFORMATION_FORMAT = "dwarf-with-dsym";
				ENABLE_NS_ASSERTIONS = NO;
				ENABLE_STRICT_OBJC_MSGSEND = YES;
				GCC_C_LANGUAGE_STANDARD = gnu99;
				GCC_NO_COMMON_BLOCKS = YES;
				GCC_WARN_64_TO_32_BIT_CONVERSION = YES;
				GCC_WARN_ABOUT_RETURN_TYPE = YES_ERROR;
				GCC_WARN_UNDECLARED_SELECTOR = YES;
				GCC_WARN_UNINITIALIZED_AUTOS = YES_AGGRESSIVE;
				GCC_WARN_UNUSED_FUNCTION = YES;
				GCC_WARN_UNUSED_VARIABLE = YES;
				IPHONEOS_DEPLOYMENT_TARGET = 10.3;
				MTL_ENABLE_DEBUG_INFO = NO;
				SDKROOT = iphoneos;
				SWIFT_OPTIMIZATION_LEVEL = "-Owholemodule";
				VALIDATE_PRODUCT = YES;
			};
			name = Release;
		};
		1C3F651D1F452DE00052E821 /* Debug */ = {
			isa = XCBuildConfiguration;
			baseConfigurationReference = 12001E2C2DC29D8A98F201A1 /* Pods-JLSwiftProject.debug.xcconfig */;
			buildSettings = {
				ALWAYS_EMBED_SWIFT_STANDARD_LIBRARIES = YES;
				ASSETCATALOG_COMPILER_APPICON_NAME = AppIcon;
				ASSETCATALOG_COMPILER_LAUNCHIMAGE_NAME = LaunchImage;
				DEVELOPMENT_TEAM = YR5W2N3P98;
				INFOPLIST_FILE = JLSwiftProject/Info.plist;
				IPHONEOS_DEPLOYMENT_TARGET = 9.0;
				LD_RUNPATH_SEARCH_PATHS = "$(inherited) @executable_path/Frameworks";
				PRODUCT_BUNDLE_IDENTIFIER = www.ucsdigital.com.JLSwiftProject;
				PRODUCT_NAME = "$(TARGET_NAME)";
				SWIFT_VERSION = 3.0;
				TARGETED_DEVICE_FAMILY = 1;
			};
			name = Debug;
		};
		1C3F651E1F452DE00052E821 /* Release */ = {
			isa = XCBuildConfiguration;
			baseConfigurationReference = 656ED1AC25BF52B819560B34 /* Pods-JLSwiftProject.release.xcconfig */;
			buildSettings = {
				ALWAYS_EMBED_SWIFT_STANDARD_LIBRARIES = YES;
				ASSETCATALOG_COMPILER_APPICON_NAME = AppIcon;
				ASSETCATALOG_COMPILER_LAUNCHIMAGE_NAME = LaunchImage;
				DEVELOPMENT_TEAM = YR5W2N3P98;
				INFOPLIST_FILE = JLSwiftProject/Info.plist;
				IPHONEOS_DEPLOYMENT_TARGET = 9.0;
				LD_RUNPATH_SEARCH_PATHS = "$(inherited) @executable_path/Frameworks";
				PRODUCT_BUNDLE_IDENTIFIER = www.ucsdigital.com.JLSwiftProject;
				PRODUCT_NAME = "$(TARGET_NAME)";
				SWIFT_VERSION = 3.0;
				TARGETED_DEVICE_FAMILY = 1;
			};
			name = Release;
		};
		1C3F65201F452DE00052E821 /* Debug */ = {
			isa = XCBuildConfiguration;
			buildSettings = {
				ALWAYS_EMBED_SWIFT_STANDARD_LIBRARIES = YES;
				BUNDLE_LOADER = "$(TEST_HOST)";
				DEVELOPMENT_TEAM = YR5W2N3P98;
				INFOPLIST_FILE = JLSwiftProjectTests/Info.plist;
				LD_RUNPATH_SEARCH_PATHS = "$(inherited) @executable_path/Frameworks @loader_path/Frameworks";
				PRODUCT_BUNDLE_IDENTIFIER = www.ucsdigital.com.JLSwiftProjectTests;
				PRODUCT_NAME = "$(TARGET_NAME)";
				SWIFT_VERSION = 3.0;
				TEST_HOST = "$(BUILT_PRODUCTS_DIR)/JLSwiftProject.app/JLSwiftProject";
			};
			name = Debug;
		};
		1C3F65211F452DE00052E821 /* Release */ = {
			isa = XCBuildConfiguration;
			buildSettings = {
				ALWAYS_EMBED_SWIFT_STANDARD_LIBRARIES = YES;
				BUNDLE_LOADER = "$(TEST_HOST)";
				DEVELOPMENT_TEAM = YR5W2N3P98;
				INFOPLIST_FILE = JLSwiftProjectTests/Info.plist;
				LD_RUNPATH_SEARCH_PATHS = "$(inherited) @executable_path/Frameworks @loader_path/Frameworks";
				PRODUCT_BUNDLE_IDENTIFIER = www.ucsdigital.com.JLSwiftProjectTests;
				PRODUCT_NAME = "$(TARGET_NAME)";
				SWIFT_VERSION = 3.0;
				TEST_HOST = "$(BUILT_PRODUCTS_DIR)/JLSwiftProject.app/JLSwiftProject";
			};
			name = Release;
		};
		1C3F65231F452DE00052E821 /* Debug */ = {
			isa = XCBuildConfiguration;
			buildSettings = {
				ALWAYS_EMBED_SWIFT_STANDARD_LIBRARIES = YES;
				DEVELOPMENT_TEAM = YR5W2N3P98;
				INFOPLIST_FILE = JLSwiftProjectUITests/Info.plist;
				LD_RUNPATH_SEARCH_PATHS = "$(inherited) @executable_path/Frameworks @loader_path/Frameworks";
				PRODUCT_BUNDLE_IDENTIFIER = www.ucsdigital.com.JLSwiftProjectUITests;
				PRODUCT_NAME = "$(TARGET_NAME)";
				SWIFT_VERSION = 3.0;
				TEST_TARGET_NAME = JLSwiftProject;
			};
			name = Debug;
		};
		1C3F65241F452DE00052E821 /* Release */ = {
			isa = XCBuildConfiguration;
			buildSettings = {
				ALWAYS_EMBED_SWIFT_STANDARD_LIBRARIES = YES;
				DEVELOPMENT_TEAM = YR5W2N3P98;
				INFOPLIST_FILE = JLSwiftProjectUITests/Info.plist;
				LD_RUNPATH_SEARCH_PATHS = "$(inherited) @executable_path/Frameworks @loader_path/Frameworks";
				PRODUCT_BUNDLE_IDENTIFIER = www.ucsdigital.com.JLSwiftProjectUITests;
				PRODUCT_NAME = "$(TARGET_NAME)";
				SWIFT_VERSION = 3.0;
				TEST_TARGET_NAME = JLSwiftProject;
			};
			name = Release;
		};
/* End XCBuildConfiguration section */

/* Begin XCConfigurationList section */
		1C3F64EF1F452DE00052E821 /* Build configuration list for PBXProject "JLSwiftProject" */ = {
			isa = XCConfigurationList;
			buildConfigurations = (
				1C3F651A1F452DE00052E821 /* Debug */,
				1C3F651B1F452DE00052E821 /* Release */,
			);
			defaultConfigurationIsVisible = 0;
			defaultConfigurationName = Release;
		};
		1C3F651C1F452DE00052E821 /* Build configuration list for PBXNativeTarget "JLSwiftProject" */ = {
			isa = XCConfigurationList;
			buildConfigurations = (
				1C3F651D1F452DE00052E821 /* Debug */,
				1C3F651E1F452DE00052E821 /* Release */,
			);
			defaultConfigurationIsVisible = 0;
			defaultConfigurationName = Release;
		};
		1C3F651F1F452DE00052E821 /* Build configuration list for PBXNativeTarget "JLSwiftProjectTests" */ = {
			isa = XCConfigurationList;
			buildConfigurations = (
				1C3F65201F452DE00052E821 /* Debug */,
				1C3F65211F452DE00052E821 /* Release */,
			);
			defaultConfigurationIsVisible = 0;
			defaultConfigurationName = Release;
		};
		1C3F65221F452DE00052E821 /* Build configuration list for PBXNativeTarget "JLSwiftProjectUITests" */ = {
			isa = XCConfigurationList;
			buildConfigurations = (
				1C3F65231F452DE00052E821 /* Debug */,
				1C3F65241F452DE00052E821 /* Release */,
			);
			defaultConfigurationIsVisible = 0;
			defaultConfigurationName = Release;
		};
/* End XCConfigurationList section */
	};
	rootObject = 1C3F64EC1F452DE00052E821 /* Project object */;
}
